
Microsoft Visual Studio Solution File, Format Version 12.00
# Visual Studio 15
VisualStudioVersion = 15.0.26730.12
MinimumVisualStudioVersion = 10.0.40219.1
Project("{FAE04EC0-301F-11D3-BF4B-00C04F79EFBC}") = "AbhimanaSystem", "AbhimanaSystem\AbhimanaSystem.csproj", "{AB8813B0-0CC9-458C-8CD8-86BA0291DC75}"
EndProject
Global
	GlobalSection(SolutionConfigurationPlatforms) = preSolution
		Debug|Any CPU = Debug|Any CPU
		Release|Any CPU = Release|Any CPU
	EndGlobalSection
	GlobalSection(ProjectConfigurationPlatforms) = postSolution
		{AB8813B0-0CC9-458C-8CD8-86BA0291DC75}.Debug|Any CPU.ActiveCfg = Debug|Any CPU
		{AB8813B0-0CC9-458C-8CD8-86BA0291DC75}.Debug|Any CPU.Build.0 = Debug|Any CPU
		{AB8813B0-0CC9-458C-8CD8-86BA0291DC75}.Release|Any CPU.ActiveCfg = Release|Any CPU
		{AB8813B0-0CC9-458C-8CD8-86BA0291DC75}.Release|Any CPU.Build.0 = Release|Any CPU
	EndGlobalSection
	GlobalSection(SolutionProperties) = preSolution
		HideSolutionNode = FALSE
	EndGlobalSection
	GlobalSection(ExtensibilityGlobals) = postSolution
		SolutionGuid = {80B13487-1D54-42FE-B890-B9FBECA8BB39}
	EndGlobalSection
EndGlobal
